
Microsoft Visual Studio Solution File, Format Version 12.00
# Visual Studio Version 17
VisualStudioVersion = 17.8.34511.84
MinimumVisualStudioVersion = 10.0.40219.1
Project("{9A19103F-16F7-4668-BE54-9A1E7A4F7556}") = "SnakeApp", "SnakeApp\SnakeApp.csproj", "{2E86529C-8111-45C3-ABC1-C2CCA04B84EC}"
EndProject
Project("{FAE04EC0-301F-11D3-BF4B-00C04F79EFBC}") = "SnakeApp.Tests", "SnakeApp.Tests\SnakeApp.Tests.csproj", "{70891073-8F36-4F2E-B279-1CF5728EF5D3}"
EndProject
Global
	GlobalSection(SolutionConfigurationPlatforms) = preSolution
		Debug|Any CPU = Debug|Any CPU
		Release|Any CPU = Release|Any CPU
	EndGlobalSection
	GlobalSection(ProjectConfigurationPlatforms) = postSolution
		{2E86529C-8111-45C3-ABC1-C2CCA04B84EC}.Debug|Any CPU.ActiveCfg = Debug|Any CPU
		{2E86529C-8111-45C3-ABC1-C2CCA04B84EC}.Debug|Any CPU.Build.0 = Debug|Any CPU
		{2E86529C-8111-45C3-ABC1-C2CCA04B84EC}.Release|Any CPU.ActiveCfg = Release|Any CPU
		{2E86529C-8111-45C3-ABC1-C2CCA04B84EC}.Release|Any CPU.Build.0 = Release|Any CPU
		{70891073-8F36-4F2E-B279-1CF5728EF5D3}.Debug|Any CPU.ActiveCfg = Debug|Any CPU
		{70891073-8F36-4F2E-B279-1CF5728EF5D3}.Debug|Any CPU.Build.0 = Debug|Any CPU
		{70891073-8F36-4F2E-B279-1CF5728EF5D3}.Release|Any CPU.ActiveCfg = Release|Any CPU
		{70891073-8F36-4F2E-B279-1CF5728EF5D3}.Release|Any CPU.Build.0 = Release|Any CPU
	EndGlobalSection
	GlobalSection(SolutionProperties) = preSolution
		HideSolutionNode = FALSE
	EndGlobalSection
	GlobalSection(ExtensibilityGlobals) = postSolution
		SolutionGuid = {2D7236BB-6AA9-417C-BD1D-6EECAEB87A91}
	EndGlobalSection
EndGlobal
